
Microsoft Visual Studio Solution File, Format Version 12.00
# Visual Studio 15
VisualStudioVersion = 15.0.28307.168
MinimumVisualStudioVersion = 10.0.40219.1
Project("{FAE04EC0-301F-11D3-BF4B-00C04F79EFBC}") = "BooksCatalogue", "BooksCatalogue\BooksCatalogue.csproj", "{870BF3B9-37F6-467F-9218-F83CCEAF4F92}"
EndProject
Project("{00D1A9C2-B5F0-4AF3-8072-F6C62B433612}") = "DatabaseProject", "DatabaseProject\DatabaseProject.sqlproj", "{ACB37D44-6BBA-430C-9551-9053E016387C}"
EndProject
Project("{9A19103F-16F7-4668-BE54-9A1E7A4F7556}") = "BC.Bootstrap", "BC.Bootstrap\BC.Bootstrap.csproj", "{B6F1CE39-1133-40F7-AE15-251D9094D704}"
EndProject
Project("{9A19103F-16F7-4668-BE54-9A1E7A4F7556}") = "BC.Business", "BC.Business\BC.Business.csproj", "{DB3A893F-EFD7-40C9-9602-B4B10296B580}"
EndProject
Project("{9A19103F-16F7-4668-BE54-9A1E7A4F7556}") = "BC.Data", "BC.Data\BC.Data.csproj", "{8CA64CEE-F3A1-43B3-B18F-7B97EDA653E0}"
EndProject
Project("{9A19103F-16F7-4668-BE54-9A1E7A4F7556}") = "BC.Entity", "BC.Entity\BC.Entity.csproj", "{177CD69B-C5D8-42E6-994B-FE790CC2C1E6}"
EndProject
Project("{9A19103F-16F7-4668-BE54-9A1E7A4F7556}") = "BC.Infrastructure", "BC.Infrastructure\BC.Infrastructure.csproj", "{D61442B1-CCF9-48AF-987A-404955154A14}"
EndProject
Project("{FAE04EC0-301F-11D3-BF4B-00C04F79EFBC}") = "DC.ViewModels", "DC.ViewModels\DC.ViewModels.csproj", "{CDAA4865-CD9F-4470-91A0-797BDCD2A9A0}"
EndProject
Global
	GlobalSection(SolutionConfigurationPlatforms) = preSolution
		Debug|Any CPU = Debug|Any CPU
		Release|Any CPU = Release|Any CPU
	EndGlobalSection
	GlobalSection(ProjectConfigurationPlatforms) = postSolution
		{870BF3B9-37F6-467F-9218-F83CCEAF4F92}.Debug|Any CPU.ActiveCfg = Debug|Any CPU
		{870BF3B9-37F6-467F-9218-F83CCEAF4F92}.Debug|Any CPU.Build.0 = Debug|Any CPU
		{870BF3B9-37F6-467F-9218-F83CCEAF4F92}.Release|Any CPU.ActiveCfg = Release|Any CPU
		{870BF3B9-37F6-467F-9218-F83CCEAF4F92}.Release|Any CPU.Build.0 = Release|Any CPU
		{ACB37D44-6BBA-430C-9551-9053E016387C}.Debug|Any CPU.ActiveCfg = Debug|Any CPU
		{ACB37D44-6BBA-430C-9551-9053E016387C}.Debug|Any CPU.Build.0 = Debug|Any CPU
		{ACB37D44-6BBA-430C-9551-9053E016387C}.Debug|Any CPU.Deploy.0 = Debug|Any CPU
		{ACB37D44-6BBA-430C-9551-9053E016387C}.Release|Any CPU.ActiveCfg = Release|Any CPU
		{ACB37D44-6BBA-430C-9551-9053E016387C}.Release|Any CPU.Build.0 = Release|Any CPU
		{ACB37D44-6BBA-430C-9551-9053E016387C}.Release|Any CPU.Deploy.0 = Release|Any CPU
		{B6F1CE39-1133-40F7-AE15-251D9094D704}.Debug|Any CPU.ActiveCfg = Debug|Any CPU
		{B6F1CE39-1133-40F7-AE15-251D9094D704}.Debug|Any CPU.Build.0 = Debug|Any CPU
		{B6F1CE39-1133-40F7-AE15-251D9094D704}.Release|Any CPU.ActiveCfg = Release|Any CPU
		{B6F1CE39-1133-40F7-AE15-251D9094D704}.Release|Any CPU.Build.0 = Release|Any CPU
		{DB3A893F-EFD7-40C9-9602-B4B10296B580}.Debug|Any CPU.ActiveCfg = Debug|Any CPU
		{DB3A893F-EFD7-40C9-9602-B4B10296B580}.Debug|Any CPU.Build.0 = Debug|Any CPU
		{DB3A893F-EFD7-40C9-9602-B4B10296B580}.Release|Any CPU.ActiveCfg = Release|Any CPU
		{DB3A893F-EFD7-40C9-9602-B4B10296B580}.Release|Any CPU.Build.0 = Release|Any CPU
		{8CA64CEE-F3A1-43B3-B18F-7B97EDA653E0}.Debug|Any CPU.ActiveCfg = Debug|Any CPU
		{8CA64CEE-F3A1-43B3-B18F-7B97EDA653E0}.Debug|Any CPU.Build.0 = Debug|Any CPU
		{8CA64CEE-F3A1-43B3-B18F-7B97EDA653E0}.Release|Any CPU.ActiveCfg = Release|Any CPU
		{8CA64CEE-F3A1-43B3-B18F-7B97EDA653E0}.Release|Any CPU.Build.0 = Release|Any CPU
		{177CD69B-C5D8-42E6-994B-FE790CC2C1E6}.Debug|Any CPU.ActiveCfg = Debug|Any CPU
		{177CD69B-C5D8-42E6-994B-FE790CC2C1E6}.Debug|Any CPU.Build.0 = Debug|Any CPU
		{177CD69B-C5D8-42E6-994B-FE790CC2C1E6}.Release|Any CPU.ActiveCfg = Release|Any CPU
		{177CD69B-C5D8-42E6-994B-FE790CC2C1E6}.Release|Any CPU.Build.0 = Release|Any CPU
		{D61442B1-CCF9-48AF-987A-404955154A14}.Debug|Any CPU.ActiveCfg = Debug|Any CPU
		{D61442B1-CCF9-48AF-987A-404955154A14}.Debug|Any CPU.Build.0 = Debug|Any CPU
		{D61442B1-CCF9-48AF-987A-404955154A14}.Release|Any CPU.ActiveCfg = Release|Any CPU
		{D61442B1-CCF9-48AF-987A-404955154A14}.Release|Any CPU.Build.0 = Release|Any CPU
		{CDAA4865-CD9F-4470-91A0-797BDCD2A9A0}.Debug|Any CPU.ActiveCfg = Debug|Any CPU
		{CDAA4865-CD9F-4470-91A0-797BDCD2A9A0}.Debug|Any CPU.Build.0 = Debug|Any CPU
		{CDAA4865-CD9F-4470-91A0-797BDCD2A9A0}.Release|Any CPU.ActiveCfg = Release|Any CPU
		{CDAA4865-CD9F-4470-91A0-797BDCD2A9A0}.Release|Any CPU.Build.0 = Release|Any CPU
	EndGlobalSection
	GlobalSection(SolutionProperties) = preSolution
		HideSolutionNode = FALSE
	EndGlobalSection
	GlobalSection(ExtensibilityGlobals) = postSolution
		SolutionGuid = {A4921EC0-6557-4AA5-BA33-D8565533B0DF}
	EndGlobalSection
EndGlobal
